
Microsoft Visual Studio Solution File, Format Version 12.00
Project("{FAE04EC0-301F-11D3-BF4B-00C04F79EFBC}") = "Sample.ASPNETCore.Razor.App", "Sample.ASPNETCore.Razor.App\Sample.ASPNETCore.Razor.App.csproj", "{D5C90BBB-36BC-4F68-BEEE-6E22BFD65EBB}"
EndProject
Global
	GlobalSection(SolutionConfigurationPlatforms) = preSolution
		Debug|Any CPU = Debug|Any CPU
		Release|Any CPU = Release|Any CPU
	EndGlobalSection
	GlobalSection(ProjectConfigurationPlatforms) = postSolution
		{D5C90BBB-36BC-4F68-BEEE-6E22BFD65EBB}.Debug|Any CPU.ActiveCfg = Debug|Any CPU
		{D5C90BBB-36BC-4F68-BEEE-6E22BFD65EBB}.Debug|Any CPU.Build.0 = Debug|Any CPU
		{D5C90BBB-36BC-4F68-BEEE-6E22BFD65EBB}.Release|Any CPU.ActiveCfg = Release|Any CPU
		{D5C90BBB-36BC-4F68-BEEE-6E22BFD65EBB}.Release|Any CPU.Build.0 = Release|Any CPU
	EndGlobalSection
EndGlobal
